// !$*UTF8*$!
{
	archiveVersion = 1;
	classes = {
	};
	objectVersion = 46;
	objects = {

/* Begin PBXBuildFile section */
		019700E81FA5867D00DCB777 /* SwiftyJSON.swift in Sources */ = {isa = PBXBuildFile; fileRef = 019700E71FA5867D00DCB777 /* SwiftyJSON.swift */; };
		01F1C7A41FA4247200F4083F /* AppDelegate.swift in Sources */ = {isa = PBXBuildFile; fileRef = 01F1C7A31FA4247200F4083F /* AppDelegate.swift */; };
		01F1C7A61FA4247200F4083F /* ViewController.swift in Sources */ = {isa = PBXBuildFile; fileRef = 01F1C7A51FA4247200F4083F /* ViewController.swift */; };
		01F1C7A91FA4247200F4083F /* Main.storyboard in Resources */ = {isa = PBXBuildFile; fileRef = 01F1C7A71FA4247200F4083F /* Main.storyboard */; };
		01F1C7AB1FA4247200F4083F /* Assets.xcassets in Resources */ = {isa = PBXBuildFile; fileRef = 01F1C7AA1FA4247200F4083F /* Assets.xcassets */; };
		01F1C7AE1FA4247200F4083F /* LaunchScreen.storyboard in Resources */ = {isa = PBXBuildFile; fileRef = 01F1C7AC1FA4247200F4083F /* LaunchScreen.storyboard */; };
		01F1C7B91FA4247200F4083F /* InsulinHelperTests.swift in Sources */ = {isa = PBXBuildFile; fileRef = 01F1C7B81FA4247200F4083F /* InsulinHelperTests.swift */; };
		01F1C7C41FA4247200F4083F /* InsulinHelperUITests.swift in Sources */ = {isa = PBXBuildFile; fileRef = 01F1C7C31FA4247200F4083F /* InsulinHelperUITests.swift */; };
		01F1C7D21FA434A800F4083F /* FoodViewController.swift in Sources */ = {isa = PBXBuildFile; fileRef = 01F1C7D11FA434A800F4083F /* FoodViewController.swift */; };
		01F1C7D61FA4FB4600F4083F /* Food.swift in Sources */ = {isa = PBXBuildFile; fileRef = 01F1C7D51FA4FB4600F4083F /* Food.swift */; };
		01F1C7D81FA52D5900F4083F /* FavoritesViewController.swift in Sources */ = {isa = PBXBuildFile; fileRef = 01F1C7D71FA52D5900F4083F /* FavoritesViewController.swift */; };
		01F1C7DB1FA54A0900F4083F /* libsqlite3.tbd in Frameworks */ = {isa = PBXBuildFile; fileRef = 01F1C7DA1FA54A0900F4083F /* libsqlite3.tbd */; };
		01F1C7E21FA54F9E00F4083F /* SQL.swift in Sources */ = {isa = PBXBuildFile; fileRef = 01F1C7E11FA54F9E00F4083F /* SQL.swift */; };
		01F1C7E41FA56E4300F4083F /* SettingsViewController.swift in Sources */ = {isa = PBXBuildFile; fileRef = 01F1C7E31FA56E4300F4083F /* SettingsViewController.swift */; };
/* End PBXBuildFile section */

/* Begin PBXContainerItemProxy section */
		01F1C7B51FA4247200F4083F /* PBXContainerItemProxy */ = {
			isa = PBXContainerItemProxy;
			containerPortal = 01F1C7981FA4247200F4083F /* Project object */;
			proxyType = 1;
			remoteGlobalIDString = 01F1C79F1FA4247200F4083F;
			remoteInfo = InsulinHelper;
		};
		01F1C7C01FA4247200F4083F /* PBXContainerItemProxy */ = {
			isa = PBXContainerItemProxy;
			containerPortal = 01F1C7981FA4247200F4083F /* Project object */;
			proxyType = 1;
			remoteGlobalIDString = 01F1C79F1FA4247200F4083F;
			remoteInfo = InsulinHelper;
		};
/* End PBXContainerItemProxy section */

/* Begin PBXFileReference section */
		019700E71FA5867D00DCB777 /* SwiftyJSON.swift */ = {isa = PBXFileReference; fileEncoding = 4; lastKnownFileType = sourcecode.swift; path = SwiftyJSON.swift; sourceTree = "<group>"; };
		01F1C7A01FA4247200F4083F /* InsulinHelper.app */ = {isa = PBXFileReference; explicitFileType = wrapper.application; includeInIndex = 0; path = InsulinHelper.app; sourceTree = BUILT_PRODUCTS_DIR; };
		01F1C7A31FA4247200F4083F /* AppDelegate.swift */ = {isa = PBXFileReference; lastKnownFileType = sourcecode.swift; path = AppDelegate.swift; sourceTree = "<group>"; };
		01F1C7A51FA4247200F4083F /* ViewController.swift */ = {isa = PBXFileReference; lastKnownFileType = sourcecode.swift; path = ViewController.swift; sourceTree = "<group>"; };
		01F1C7A81FA4247200F4083F /* Base */ = {isa = PBXFileReference; lastKnownFileType = file.storyboard; name = Base; path = Base.lproj/Main.storyboard; sourceTree = "<group>"; };
		01F1C7AA1FA4247200F4083F /* Assets.xcassets */ = {isa = PBXFileReference; lastKnownFileType = folder.assetcatalog; path = Assets.xcassets; sourceTree = "<group>"; };
		01F1C7AD1FA4247200F4083F /* Base */ = {isa = PBXFileReference; lastKnownFileType = file.storyboard; name = Base; path = Base.lproj/LaunchScreen.storyboard; sourceTree = "<group>"; };
		01F1C7AF1FA4247200F4083F /* Info.plist */ = {isa = PBXFileReference; lastKnownFileType = text.plist.xml; path = Info.plist; sourceTree = "<group>"; };
		01F1C7B41FA4247200F4083F /* InsulinHelperTests.xctest */ = {isa = PBXFileReference; explicitFileType = wrapper.cfbundle; includeInIndex = 0; path = InsulinHelperTests.xctest; sourceTree = BUILT_PRODUCTS_DIR; };
		01F1C7B81FA4247200F4083F /* InsulinHelperTests.swift */ = {isa = PBXFileReference; lastKnownFileType = sourcecode.swift; path = InsulinHelperTests.swift; sourceTree = "<group>"; };
		01F1C7BA1FA4247200F4083F /* Info.plist */ = {isa = PBXFileReference; lastKnownFileType = text.plist.xml; path = Info.plist; sourceTree = "<group>"; };
		01F1C7BF1FA4247200F4083F /* InsulinHelperUITests.xctest */ = {isa = PBXFileReference; explicitFileType = wrapper.cfbundle; includeInIndex = 0; path = InsulinHelperUITests.xctest; sourceTree = BUILT_PRODUCTS_DIR; };
		01F1C7C31FA4247200F4083F /* InsulinHelperUITests.swift */ = {isa = PBXFileReference; lastKnownFileType = sourcecode.swift; path = InsulinHelperUITests.swift; sourceTree = "<group>"; };
		01F1C7C51FA4247200F4083F /* Info.plist */ = {isa = PBXFileReference; lastKnownFileType = text.plist.xml; path = Info.plist; sourceTree = "<group>"; };
		01F1C7D11FA434A800F4083F /* FoodViewController.swift */ = {isa = PBXFileReference; fileEncoding = 4; lastKnownFileType = sourcecode.swift; path = FoodViewController.swift; sourceTree = "<group>"; };
		01F1C7D51FA4FB4600F4083F /* Food.swift */ = {isa = PBXFileReference; fileEncoding = 4; lastKnownFileType = sourcecode.swift; path = Food.swift; sourceTree = "<group>"; };
		01F1C7D71FA52D5900F4083F /* FavoritesViewController.swift */ = {isa = PBXFileReference; fileEncoding = 4; lastKnownFileType = sourcecode.swift; path = FavoritesViewController.swift; sourceTree = "<group>"; };
		01F1C7DA1FA54A0900F4083F /* libsqlite3.tbd */ = {isa = PBXFileReference; lastKnownFileType = "sourcecode.text-based-dylib-definition"; name = libsqlite3.tbd; path = usr/lib/libsqlite3.tbd; sourceTree = SDKROOT; };
		01F1C7DC1FA54A2C00F4083F /* InsulinHelper-Bridging-Header.h */ = {isa = PBXFileReference; lastKnownFileType = sourcecode.c.h; path = "InsulinHelper-Bridging-Header.h"; sourceTree = "<group>"; };
		01F1C7E11FA54F9E00F4083F /* SQL.swift */ = {isa = PBXFileReference; fileEncoding = 4; lastKnownFileType = sourcecode.swift; path = SQL.swift; sourceTree = "<group>"; };
		01F1C7E31FA56E4300F4083F /* SettingsViewController.swift */ = {isa = PBXFileReference; fileEncoding = 4; lastKnownFileType = sourcecode.swift; path = SettingsViewController.swift; sourceTree = "<group>"; };
/* End PBXFileReference section */

/* Begin PBXFrameworksBuildPhase section */
		01F1C79D1FA4247200F4083F /* Frameworks */ = {
			isa = PBXFrameworksBuildPhase;
			buildActionMask = 2147483647;
			files = (
				01F1C7DB1FA54A0900F4083F /* libsqlite3.tbd in Frameworks */,
			);
			runOnlyForDeploymentPostprocessing = 0;
		};
		01F1C7B11FA4247200F4083F /* Frameworks */ = {
			isa = PBXFrameworksBuildPhase;
			buildActionMask = 2147483647;
			files = (
			);
			runOnlyForDeploymentPostprocessing = 0;
		};
		01F1C7BC1FA4247200F4083F /* Frameworks */ = {
			isa = PBXFrameworksBuildPhase;
			buildActionMask = 2147483647;
			files = (
			);
			runOnlyForDeploymentPostprocessing = 0;
		};
/* End PBXFrameworksBuildPhase section */

/* Begin PBXGroup section */
		01F1C7971FA4247200F4083F = {
			isa = PBXGroup;
			children = (
				01F1C7A21FA4247200F4083F /* InsulinHelper */,
				01F1C7B71FA4247200F4083F /* InsulinHelperTests */,
				01F1C7C21FA4247200F4083F /* InsulinHelperUITests */,
				01F1C7A11FA4247200F4083F /* Products */,
				01F1C7D91FA54A0900F4083F /* Frameworks */,
			);
			sourceTree = "<group>";
		};
		01F1C7A11FA4247200F4083F /* Products */ = {
			isa = PBXGroup;
			children = (
				01F1C7A01FA4247200F4083F /* InsulinHelper.app */,
				01F1C7B41FA4247200F4083F /* InsulinHelperTests.xctest */,
				01F1C7BF1FA4247200F4083F /* InsulinHelperUITests.xctest */,
			);
			name = Products;
			sourceTree = "<group>";
		};
		01F1C7A21FA4247200F4083F /* InsulinHelper */ = {
			isa = PBXGroup;
			children = (
				01F1C7A31FA4247200F4083F /* AppDelegate.swift */,
				01F1C7A51FA4247200F4083F /* ViewController.swift */,
				01F1C7D11FA434A800F4083F /* FoodViewController.swift */,
				01F1C7A71FA4247200F4083F /* Main.storyboard */,
				01F1C7AA1FA4247200F4083F /* Assets.xcassets */,
				01F1C7AC1FA4247200F4083F /* LaunchScreen.storyboard */,
				01F1C7AF1FA4247200F4083F /* Info.plist */,
				01F1C7D51FA4FB4600F4083F /* Food.swift */,
				01F1C7D71FA52D5900F4083F /* FavoritesViewController.swift */,
				01F1C7DC1FA54A2C00F4083F /* InsulinHelper-Bridging-Header.h */,
				01F1C7DA1FA54A0900F4083F /* libsqlite3.tbd */,
				01F1C7E11FA54F9E00F4083F /* SQL.swift */,
				019700E71FA5867D00DCB777 /* SwiftyJSON.swift */,
				01F1C7E31FA56E4300F4083F /* SettingsViewController.swift */,
			);
			path = InsulinHelper;
			sourceTree = "<group>";
		};
		01F1C7B71FA4247200F4083F /* InsulinHelperTests */ = {
			isa = PBXGroup;
			children = (
				01F1C7B81FA4247200F4083F /* InsulinHelperTests.swift */,
				01F1C7BA1FA4247200F4083F /* Info.plist */,
			);
			path = InsulinHelperTests;
			sourceTree = "<group>";
		};
		01F1C7C21FA4247200F4083F /* InsulinHelperUITests */ = {
			isa = PBXGroup;
			children = (
				01F1C7C31FA4247200F4083F /* InsulinHelperUITests.swift */,
				01F1C7C51FA4247200F4083F /* Info.plist */,
			);
			path = InsulinHelperUITests;
			sourceTree = "<group>";
		};
		01F1C7D91FA54A0900F4083F /* Frameworks */ = {
			isa = PBXGroup;
			children = (
			);
			name = Frameworks;
			sourceTree = "<group>";
		};
/* End PBXGroup section */

/* Begin PBXNativeTarget section */
		01F1C79F1FA4247200F4083F /* InsulinHelper */ = {
			isa = PBXNativeTarget;
			buildConfigurationList = 01F1C7C81FA4247200F4083F /* Build configuration list for PBXNativeTarget "InsulinHelper" */;
			buildPhases = (
				01F1C79C1FA4247200F4083F /* Sources */,
				01F1C79D1FA4247200F4083F /* Frameworks */,
				01F1C79E1FA4247200F4083F /* Resources */,
			);
			buildRules = (
			);
			dependencies = (
			);
			name = InsulinHelper;
			productName = InsulinHelper;
			productReference = 01F1C7A01FA4247200F4083F /* InsulinHelper.app */;
			productType = "com.apple.product-type.application";
		};
		01F1C7B31FA4247200F4083F /* InsulinHelperTests */ = {
			isa = PBXNativeTarget;
			buildConfigurationList = 01F1C7CB1FA4247200F4083F /* Build configuration list for PBXNativeTarget "InsulinHelperTests" */;
			buildPhases = (
				01F1C7B01FA4247200F4083F /* Sources */,
				01F1C7B11FA4247200F4083F /* Frameworks */,
				01F1C7B21FA4247200F4083F /* Resources */,
			);
			buildRules = (
			);
			dependencies = (
				01F1C7B61FA4247200F4083F /* PBXTargetDependency */,
			);
			name = InsulinHelperTests;
			productName = InsulinHelperTests;
			productReference = 01F1C7B41FA4247200F4083F /* InsulinHelperTests.xctest */;
			productType = "com.apple.product-type.bundle.unit-test";
		};
		01F1C7BE1FA4247200F4083F /* InsulinHelperUITests */ = {
			isa = PBXNativeTarget;
			buildConfigurationList = 01F1C7CE1FA4247200F4083F /* Build configuration list for PBXNativeTarget "InsulinHelperUITests" */;
			buildPhases = (
				01F1C7BB1FA4247200F4083F /* Sources */,
				01F1C7BC1FA4247200F4083F /* Frameworks */,
				01F1C7BD1FA4247200F4083F /* Resources */,
			);
			buildRules = (
			);
			dependencies = (
				01F1C7C11FA4247200F4083F /* PBXTargetDependency */,
			);
			name = InsulinHelperUITests;
			productName = InsulinHelperUITests;
			productReference = 01F1C7BF1FA4247200F4083F /* InsulinHelperUITests.xctest */;
			productType = "com.apple.product-type.bundle.ui-testing";
		};
/* End PBXNativeTarget section */

/* Begin PBXProject section */
		01F1C7981FA4247200F4083F /* Project object */ = {
			isa = PBXProject;
			attributes = {
				LastSwiftUpdateCheck = 0830;
				LastUpgradeCheck = 0830;
				ORGANIZATIONNAME = "Nick DesMarais";
				TargetAttributes = {
					01F1C79F1FA4247200F4083F = {
						CreatedOnToolsVersion = 8.3.3;
						LastSwiftMigration = 0830;
						ProvisioningStyle = Automatic;
					};
					01F1C7B31FA4247200F4083F = {
						CreatedOnToolsVersion = 8.3.3;
						ProvisioningStyle = Automatic;
						TestTargetID = 01F1C79F1FA4247200F4083F;
					};
					01F1C7BE1FA4247200F4083F = {
						CreatedOnToolsVersion = 8.3.3;
						ProvisioningStyle = Automatic;
						TestTargetID = 01F1C79F1FA4247200F4083F;
					};
				};
			};
			buildConfigurationList = 01F1C79B1FA4247200F4083F /* Build configuration list for PBXProject "InsulinHelper" */;
			compatibilityVersion = "Xcode 3.2";
			developmentRegion = English;
			hasScannedForEncodings = 0;
			knownRegions = (
				en,
				Base,
			);
			mainGroup = 01F1C7971FA4247200F4083F;
			productRefGroup = 01F1C7A11FA4247200F4083F /* Products */;
			projectDirPath = "";
			projectRoot = "";
			targets = (
				01F1C79F1FA4247200F4083F /* InsulinHelper */,
				01F1C7B31FA4247200F4083F /* InsulinHelperTests */,
				01F1C7BE1FA4247200F4083F /* InsulinHelperUITests */,
			);
		};
/* End PBXProject section */

/* Begin PBXResourcesBuildPhase section */
		01F1C79E1FA4247200F4083F /* Resources */ = {
			isa = PBXResourcesBuildPhase;
			buildActionMask = 2147483647;
			files = (
				01F1C7AE1FA4247200F4083F /* LaunchScreen.storyboard in Resources */,
				01F1C7AB1FA4247200F4083F /* Assets.xcassets in Resources */,
				01F1C7A91FA4247200F4083F /* Main.storyboard in Resources */,
			);
			runOnlyForDeploymentPostprocessing = 0;
		};
		01F1C7B21FA4247200F4083F /* Resources */ = {
			isa = PBXResourcesBuildPhase;
			buildActionMask = 2147483647;
			files = (
			);
			runOnlyForDeploymentPostprocessing = 0;
		};
		01F1C7BD1FA4247200F4083F /* Resources */ = {
			isa = PBXResourcesBuildPhase;
			buildActionMask = 2147483647;
			files = (
			);
			runOnlyForDeploymentPostprocessing = 0;
		};
/* End PBXResourcesBuildPhase section */

/* Begin PBXSourcesBuildPhase section */
		01F1C79C1FA4247200F4083F /* Sources */ = {
			isa = PBXSourcesBuildPhase;
			buildActionMask = 2147483647;
			files = (
				01F1C7A61FA4247200F4083F /* ViewController.swift in Sources */,
				01F1C7D21FA434A800F4083F /* FoodViewController.swift in Sources */,
				01F1C7D61FA4FB4600F4083F /* Food.swift in Sources */,
				019700E81FA5867D00DCB777 /* SwiftyJSON.swift in Sources */,
				01F1C7A41FA4247200F4083F /* AppDelegate.swift in Sources */,
				01F1C7D81FA52D5900F4083F /* FavoritesViewController.swift in Sources */,
				01F1C7E21FA54F9E00F4083F /* SQL.swift in Sources */,
				01F1C7E41FA56E4300F4083F /* SettingsViewController.swift in Sources */,
			);
			runOnlyForDeploymentPostprocessing = 0;
		};
		01F1C7B01FA4247200F4083F /* Sources */ = {
			isa = PBXSourcesBuildPhase;
			buildActionMask = 2147483647;
			files = (
				01F1C7B91FA4247200F4083F /* InsulinHelperTests.swift in Sources */,
			);
			runOnlyForDeploymentPostprocessing = 0;
		};
		01F1C7BB1FA4247200F4083F /* Sources */ = {
			isa = PBXSourcesBuildPhase;
			buildActionMask = 2147483647;
			files = (
				01F1C7C41FA4247200F4083F /* InsulinHelperUITests.swift in Sources */,
			);
			runOnlyForDeploymentPostprocessing = 0;
		};
/* End PBXSourcesBuildPhase section */

/* Begin PBXTargetDependency section */
		01F1C7B61FA4247200F4083F /* PBXTargetDependency */ = {
			isa = PBXTargetDependency;
			target = 01F1C79F1FA4247200F4083F /* InsulinHelper */;
			targetProxy = 01F1C7B51FA4247200F4083F /* PBXContainerItemProxy */;
		};
		01F1C7C11FA4247200F4083F /* PBXTargetDependency */ = {
			isa = PBXTargetDependency;
			target = 01F1C79F1FA4247200F4083F /* InsulinHelper */;
			targetProxy = 01F1C7C01FA4247200F4083F /* PBXContainerItemProxy */;
		};
/* End PBXTargetDependency section */

/* Begin PBXVariantGroup section */
		01F1C7A71FA4247200F4083F /* Main.storyboard */ = {
			isa = PBXVariantGroup;
			children = (
				01F1C7A81FA4247200F4083F /* Base */,
			);
			name = Main.storyboard;
			sourceTree = "<group>";
		};
		01F1C7AC1FA4247200F4083F /* LaunchScreen.storyboard */ = {
			isa = PBXVariantGroup;
			children = (
				01F1C7AD1FA4247200F4083F /* Base */,
			);
			name = LaunchScreen.storyboard;
			sourceTree = "<group>";
		};
/* End PBXVariantGroup section */

/* Begin XCBuildConfiguration section */
		01F1C7C61FA4247200F4083F /* Debug */ = {
			isa = XCBuildConfiguration;
			buildSettings = {
				ALWAYS_SEARCH_USER_PATHS = NO;
				CLANG_ANALYZER_NONNULL = YES;
				CLANG_ANALYZER_NUMBER_OBJECT_CONVERSION = YES_AGGRESSIVE;
				CLANG_CXX_LANGUAGE_STANDARD = "gnu++0x";
				CLANG_CXX_LIBRARY = "libc++";
				CLANG_ENABLE_MODULES = YES;
				CLANG_ENABLE_OBJC_ARC = YES;
				CLANG_WARN_BOOL_CONVERSION = YES;
				CLANG_WARN_CONSTANT_CONVERSION = YES;
				CLANG_WARN_DIRECT_OBJC_ISA_USAGE = YES_ERROR;
				CLANG_WARN_DOCUMENTATION_COMMENTS = YES;
				CLANG_WARN_EMPTY_BODY = YES;
				CLANG_WARN_ENUM_CONVERSION = YES;
				CLANG_WARN_INFINITE_RECURSION = YES;
				CLANG_WARN_INT_CONVERSION = YES;
				CLANG_WARN_OBJC_ROOT_CLASS = YES_ERROR;
				CLANG_WARN_SUSPICIOUS_MOVE = YES;
				CLANG_WARN_UNREACHABLE_CODE = YES;
				CLANG_WARN__DUPLICATE_METHOD_MATCH = YES;
				"CODE_SIGN_IDENTITY[sdk=iphoneos*]" = "iPhone Developer";
				COPY_PHASE_STRIP = NO;
				DEBUG_INFORMATION_FORMAT = dwarf;
				ENABLE_STRICT_OBJC_MSGSEND = YES;
				ENABLE_TESTABILITY = YES;
				GCC_C_LANGUAGE_STANDARD = gnu99;
				GCC_DYNAMIC_NO_PIC = NO;
				GCC_NO_COMMON_BLOCKS = YES;
				GCC_OPTIMIZATION_LEVEL = 0;
				GCC_PREPROCESSOR_DEFINITIONS = (
					"DEBUG=1",
					"$(inherited)",
				);
				GCC_WARN_64_TO_32_BIT_CONVERSION = YES;
				GCC_WARN_ABOUT_RETURN_TYPE = YES_ERROR;
				GCC_WARN_UNDECLARED_SELECTOR = YES;
				GCC_WARN_UNINITIALIZED_AUTOS = YES_AGGRESSIVE;
				GCC_WARN_UNUSED_FUNCTION = YES;
				GCC_WARN_UNUSED_VARIABLE = YES;
				IPHONEOS_DEPLOYMENT_TARGET = 10.3;
				MTL_ENABLE_DEBUG_INFO = YES;
				ONLY_ACTIVE_ARCH = YES;
				SDKROOT = iphoneos;
				SWIFT_ACTIVE_COMPILATION_CONDITIONS = DEBUG;
				SWIFT_OPTIMIZATION_LEVEL = "-Onone";
				TARGETED_DEVICE_FAMILY = "1,2";
			};
			name = Debug;
		};
		01F1C7C71FA4247200F4083F /* Release */ = {
			isa = XCBuildConfiguration;
			buildSettings = {
				ALWAYS_SEARCH_USER_PATHS = NO;
				CLANG_ANALYZER_NONNULL = YES;
				CLANG_ANALYZER_NUMBER_OBJECT_CONVERSION = YES_AGGRESSIVE;
				CLANG_CXX_LANGUAGE_STANDARD = "gnu++0x";
				CLANG_CXX_LIBRARY = "libc++";
				CLANG_ENABLE_MODULES = YES;
				CLANG_ENABLE_OBJC_ARC = YES;
				CLANG_WARN_BOOL_CONVERSION = YES;
				CLANG_WARN_CONSTANT_CONVERSION = YES;
				CLANG_WARN_DIRECT_OBJC_ISA_USAGE = YES_ERROR;
				CLANG_WARN_DOCUMENTATION_COMMENTS = YES;
				CLANG_WARN_EMPTY_BODY = YES;
				CLANG_WARN_ENUM_CONVERSION = YES;
				CLANG_WARN_INFINITE_RECURSION = YES;
				CLANG_WARN_INT_CONVERSION = YES;
				CLANG_WARN_OBJC_ROOT_CLASS = YES_ERROR;
				CLANG_WARN_SUSPICIOUS_MOVE = YES;
				CLANG_WARN_UNREACHABLE_CODE = YES;
				CLANG_WARN__DUPLICATE_METHOD_MATCH = YES;
				"CODE_SIGN_IDENTITY[sdk=iphoneos*]" = "iPhone Developer";
				COPY_PHASE_STRIP = NO;
				DEBUG_INFORMATION_FORMAT = "dwarf-with-dsym";
				ENABLE_NS_ASSERTIONS = NO;
				ENABLE_STRICT_OBJC_MSGSEND = YES;
				GCC_C_LANGUAGE_STANDARD = gnu99;
				GCC_NO_COMMON_BLOCKS = YES;
				GCC_WARN_64_TO_32_BIT_CONVERSION = YES;
				GCC_WARN_ABOUT_RETURN_TYPE = YES_ERROR;
				GCC_WARN_UNDECLARED_SELECTOR = YES;
				GCC_WARN_UNINITIALIZED_AUTOS = YES_AGGRESSIVE;
				GCC_WARN_UNUSED_FUNCTION = YES;
				GCC_WARN_UNUSED_VARIABLE = YES;
				IPHONEOS_DEPLOYMENT_TARGET = 10.3;
				MTL_ENABLE_DEBUG_INFO = NO;
				SDKROOT = iphoneos;
				SWIFT_OPTIMIZATION_LEVEL = "-Owholemodule";
				TARGETED_DEVICE_FAMILY = "1,2";
				VALIDATE_PRODUCT = YES;
			};
			name = Release;
		};
		01F1C7C91FA4247200F4083F /* Debug */ = {
			isa = XCBuildConfiguration;
			buildSettings = {
				ASSETCATALOG_COMPILER_APPICON_NAME = AppIcon;
				CLANG_ENABLE_MODULES = YES;
				INFOPLIST_FILE = InsulinHelper/Info.plist;
				LD_RUNPATH_SEARCH_PATHS = "$(inherited) @executable_path/Frameworks";
				PRODUCT_BUNDLE_IDENTIFIER = wustl.InsulinHelper;
				PRODUCT_NAME = "$(TARGET_NAME)";
				SWIFT_OBJC_BRIDGING_HEADER = "InsulinHelper/InsulinHelper-Bridging-Header.h";
				SWIFT_OPTIMIZATION_LEVEL = "-Onone";
				SWIFT_VERSION = 3.0;
			};
			name = Debug;
		};
		01F1C7CA1FA4247200F4083F /* Release */ = {
			isa = XCBuildConfiguration;
			buildSettings = {
				ASSETCATALOG_COMPILER_APPICON_NAME = AppIcon;
				CLANG_ENABLE_MODULES = YES;
				INFOPLIST_FILE = InsulinHelper/Info.plist;
				LD_RUNPATH_SEARCH_PATHS = "$(inherited) @executable_path/Frameworks";
				PRODUCT_BUNDLE_IDENTIFIER = wustl.InsulinHelper;
				PRODUCT_NAME = "$(TARGET_NAME)";
				SWIFT_OBJC_BRIDGING_HEADER = "InsulinHelper/InsulinHelper-Bridging-Header.h";
				SWIFT_VERSION = 3.0;
			};
			name = Release;
		};
		01F1C7CC1FA4247200F4083F /* Debug */ = {
			isa = XCBuildConfiguration;
			buildSettings = {
				ALWAYS_EMBED_SWIFT_STANDARD_LIBRARIES = YES;
				BUNDLE_LOADER = "$(TEST_HOST)";
				INFOPLIST_FILE = InsulinHelperTests/Info.plist;
				LD_RUNPATH_SEARCH_PATHS = "$(inherited) @executable_path/Frameworks @loader_path/Frameworks";
				PRODUCT_BUNDLE_IDENTIFIER = wustl.InsulinHelperTests;
				PRODUCT_NAME = "$(TARGET_NAME)";
				SWIFT_VERSION = 3.0;
				TEST_HOST = "$(BUILT_PRODUCTS_DIR)/InsulinHelper.app/InsulinHelper";
			};
			name = Debug;
		};
		01F1C7CD1FA4247200F4083F /* Release */ = {
			isa = XCBuildConfiguration;
			buildSettings = {
				ALWAYS_EMBED_SWIFT_STANDARD_LIBRARIES = YES;
				BUNDLE_LOADER = "$(TEST_HOST)";
				INFOPLIST_FILE = InsulinHelperTests/Info.plist;
				LD_RUNPATH_SEARCH_PATHS = "$(inherited) @executable_path/Frameworks @loader_path/Frameworks";
				PRODUCT_BUNDLE_IDENTIFIER = wustl.InsulinHelperTests;
				PRODUCT_NAME = "$(TARGET_NAME)";
				SWIFT_VERSION = 3.0;
				TEST_HOST = "$(BUILT_PRODUCTS_DIR)/InsulinHelper.app/InsulinHelper";
			};
			name = Release;
		};
		01F1C7CF1FA4247200F4083F /* Debug */ = {
			isa = XCBuildConfiguration;
			buildSettings = {
				ALWAYS_EMBED_SWIFT_STANDARD_LIBRARIES = YES;
				INFOPLIST_FILE = InsulinHelperUITests/Info.plist;
				LD_RUNPATH_SEARCH_PATHS = "$(inherited) @executable_path/Frameworks @loader_path/Frameworks";
				PRODUCT_BUNDLE_IDENTIFIER = wustl.InsulinHelperUITests;
				PRODUCT_NAME = "$(TARGET_NAME)";
				SWIFT_VERSION = 3.0;
				TEST_TARGET_NAME = InsulinHelper;
			};
			name = Debug;
		};
		01F1C7D01FA4247200F4083F /* Release */ = {
			isa = XCBuildConfiguration;
			buildSettings = {
				ALWAYS_EMBED_SWIFT_STANDARD_LIBRARIES = YES;
				INFOPLIST_FILE = InsulinHelperUITests/Info.plist;
				LD_RUNPATH_SEARCH_PATHS = "$(inherited) @executable_path/Frameworks @loader_path/Frameworks";
				PRODUCT_BUNDLE_IDENTIFIER = wustl.InsulinHelperUITests;
				PRODUCT_NAME = "$(TARGET_NAME)";
				SWIFT_VERSION = 3.0;
				TEST_TARGET_NAME = InsulinHelper;
			};
			name = Release;
		};
/* End XCBuildConfiguration section */

/* Begin XCConfigurationList section */
		01F1C79B1FA4247200F4083F /* Build configuration list for PBXProject "InsulinHelper" */ = {
			isa = XCConfigurationList;
			buildConfigurations = (
				01F1C7C61FA4247200F4083F /* Debug */,
				01F1C7C71FA4247200F4083F /* Release */,
			);
			defaultConfigurationIsVisible = 0;
			defaultConfigurationName = Release;
		};
		01F1C7C81FA4247200F4083F /* Build configuration list for PBXNativeTarget "InsulinHelper" */ = {
			isa = XCConfigurationList;
			buildConfigurations = (
				01F1C7C91FA4247200F4083F /* Debug */,
				01F1C7CA1FA4247200F4083F /* Release */,
			);
			defaultConfigurationIsVisible = 0;
			defaultConfigurationName = Release;
		};
		01F1C7CB1FA4247200F4083F /* Build configuration list for PBXNativeTarget "InsulinHelperTests" */ = {
			isa = XCConfigurationList;
			buildConfigurations = (
				01F1C7CC1FA4247200F4083F /* Debug */,
				01F1C7CD1FA4247200F4083F /* Release */,
			);
			defaultConfigurationIsVisible = 0;
			defaultConfigurationName = Release;
		};
		01F1C7CE1FA4247200F4083F /* Build configuration list for PBXNativeTarget "InsulinHelperUITests" */ = {
			isa = XCConfigurationList;
			buildConfigurations = (
				01F1C7CF1FA4247200F4083F /* Debug */,
				01F1C7D01FA4247200F4083F /* Release */,
			);
			defaultConfigurationIsVisible = 0;
			defaultConfigurationName = Release;
		};
/* End XCConfigurationList section */
	};
	rootObject = 01F1C7981FA4247200F4083F /* Project object */;
}
